// !$*UTF8*$!
{
	archiveVersion = 1;
	classes = {
	};
	objectVersion = 46;
	objects = {

/* Begin PBXBuildFile section */
		1B5BF5001A6CFE6D00B9C289 /* main.m in Sources */ = {isa = PBXBuildFile; fileRef = 1B5BF4FF1A6CFE6D00B9C289 /* main.m */; };
		1B5BF5031A6CFE6D00B9C289 /* AppDelegate.m in Sources */ = {isa = PBXBuildFile; fileRef = 1B5BF5021A6CFE6D00B9C289 /* AppDelegate.m */; };
		1B5BF5061A6CFE6D00B9C289 /* testApp.xcdatamodeld in Sources */ = {isa = PBXBuildFile; fileRef = 1B5BF5041A6CFE6D00B9C289 /* testApp.xcdatamodeld */; };
		1B5BF5091A6CFE6D00B9C289 /* ViewController.m in Sources */ = {isa = PBXBuildFile; fileRef = 1B5BF5081A6CFE6D00B9C289 /* ViewController.m */; };
		1B5BF50C1A6CFE6D00B9C289 /* Main.storyboard in Resources */ = {isa = PBXBuildFile; fileRef = 1B5BF50A1A6CFE6D00B9C289 /* Main.storyboard */; };
		1B5BF50E1A6CFE6D00B9C289 /* Images.xcassets in Resources */ = {isa = PBXBuildFile; fileRef = 1B5BF50D1A6CFE6D00B9C289 /* Images.xcassets */; };
		1B5BF5111A6CFE6D00B9C289 /* LaunchScreen.xib in Resources */ = {isa = PBXBuildFile; fileRef = 1B5BF50F1A6CFE6D00B9C289 /* LaunchScreen.xib */; };
		1B5BF51D1A6CFE6D00B9C289 /* testAppTests.m in Sources */ = {isa = PBXBuildFile; fileRef = 1B5BF51C1A6CFE6D00B9C289 /* testAppTests.m */; };
		1B5BF5271A6D13F600B9C289 /* CoreGraphics.framework in Frameworks */ = {isa = PBXBuildFile; fileRef = 1B5BF5261A6D13F600B9C289 /* CoreGraphics.framework */; };
		1B5BF5291A6D13FF00B9C289 /* UIKit.framework in Frameworks */ = {isa = PBXBuildFile; fileRef = 1B5BF5281A6D13FF00B9C289 /* UIKit.framework */; };
		1B5BF52B1A6D140600B9C289 /* Foundation.framework in Frameworks */ = {isa = PBXBuildFile; fileRef = 1B5BF52A1A6D140600B9C289 /* Foundation.framework */; };
		1B5BF52D1A6D141300B9C289 /* CoreLocation.framework in Frameworks */ = {isa = PBXBuildFile; fileRef = 1B5BF52C1A6D141300B9C289 /* CoreLocation.framework */; };
		1B5BF5301A6D1F3000B9C289 /* ServerManager.m in Sources */ = {isa = PBXBuildFile; fileRef = 1B5BF52F1A6D1F3000B9C289 /* ServerManager.m */; };
		1B5BF6531A6D37D500B9C289 /* AFNetworkActivityIndicatorManager.m in Sources */ = {isa = PBXBuildFile; fileRef = 1B5BF62F1A6D37D500B9C289 /* AFNetworkActivityIndicatorManager.m */; };
		1B5BF6541A6D37D500B9C289 /* UIActivityIndicatorView+AFNetworking.m in Sources */ = {isa = PBXBuildFile; fileRef = 1B5BF6311A6D37D500B9C289 /* UIActivityIndicatorView+AFNetworking.m */; };
		1B5BF6551A6D37D500B9C289 /* UIAlertView+AFNetworking.m in Sources */ = {isa = PBXBuildFile; fileRef = 1B5BF6331A6D37D500B9C289 /* UIAlertView+AFNetworking.m */; };
		1B5BF6561A6D37D500B9C289 /* UIButton+AFNetworking.m in Sources */ = {isa = PBXBuildFile; fileRef = 1B5BF6351A6D37D500B9C289 /* UIButton+AFNetworking.m */; };
		1B5BF6571A6D37D500B9C289 /* UIImageView+AFNetworking.m in Sources */ = {isa = PBXBuildFile; fileRef = 1B5BF6371A6D37D500B9C289 /* UIImageView+AFNetworking.m */; };
		1B5BF6581A6D37D500B9C289 /* UIProgressView+AFNetworking.m in Sources */ = {isa = PBXBuildFile; fileRef = 1B5BF63A1A6D37D500B9C289 /* UIProgressView+AFNetworking.m */; };
		1B5BF6591A6D37D500B9C289 /* UIRefreshControl+AFNetworking.m in Sources */ = {isa = PBXBuildFile; fileRef = 1B5BF63C1A6D37D500B9C289 /* UIRefreshControl+AFNetworking.m */; };
		1B5BF65A1A6D37D500B9C289 /* UIWebView+AFNetworking.m in Sources */ = {isa = PBXBuildFile; fileRef = 1B5BF63E1A6D37D500B9C289 /* UIWebView+AFNetworking.m */; };
		1B5BF65B1A6D37D500B9C289 /* AFHTTPRequestOperation.m in Sources */ = {isa = PBXBuildFile; fileRef = 1B5BF6411A6D37D500B9C289 /* AFHTTPRequestOperation.m */; };
		1B5BF65C1A6D37D500B9C289 /* AFHTTPRequestOperationManager.m in Sources */ = {isa = PBXBuildFile; fileRef = 1B5BF6431A6D37D500B9C289 /* AFHTTPRequestOperationManager.m */; };
		1B5BF65D1A6D37D500B9C289 /* AFHTTPSessionManager.m in Sources */ = {isa = PBXBuildFile; fileRef = 1B5BF6451A6D37D500B9C289 /* AFHTTPSessionManager.m */; };
		1B5BF65E1A6D37D500B9C289 /* AFNetworkReachabilityManager.m in Sources */ = {isa = PBXBuildFile; fileRef = 1B5BF6481A6D37D500B9C289 /* AFNetworkReachabilityManager.m */; };
		1B5BF65F1A6D37D500B9C289 /* AFSecurityPolicy.m in Sources */ = {isa = PBXBuildFile; fileRef = 1B5BF64A1A6D37D500B9C289 /* AFSecurityPolicy.m */; };
		1B5BF6601A6D37D500B9C289 /* AFURLConnectionOperation.m in Sources */ = {isa = PBXBuildFile; fileRef = 1B5BF64C1A6D37D500B9C289 /* AFURLConnectionOperation.m */; };
		1B5BF6611A6D37D500B9C289 /* AFURLRequestSerialization.m in Sources */ = {isa = PBXBuildFile; fileRef = 1B5BF64E1A6D37D500B9C289 /* AFURLRequestSerialization.m */; };
		1B5BF6621A6D37D500B9C289 /* AFURLResponseSerialization.m in Sources */ = {isa = PBXBuildFile; fileRef = 1B5BF6501A6D37D500B9C289 /* AFURLResponseSerialization.m */; };
		1B5BF6631A6D37D500B9C289 /* AFURLSessionManager.m in Sources */ = {isa = PBXBuildFile; fileRef = 1B5BF6521A6D37D500B9C289 /* AFURLSessionManager.m */; };
		1B5BF6781A6D5A7A00B9C289 /* OtherInfo.m in Sources */ = {isa = PBXBuildFile; fileRef = 1B5BF6771A6D5A7A00B9C289 /* OtherInfo.m */; };
		1B5BF67B1A6D5A7B00B9C289 /* Weather.m in Sources */ = {isa = PBXBuildFile; fileRef = 1B5BF67A1A6D5A7B00B9C289 /* Weather.m */; };
		1BB180851A6E50200065DB16 /* LocationManager.m in Sources */ = {isa = PBXBuildFile; fileRef = 1BB180841A6E50200065DB16 /* LocationManager.m */; };
		1BB180891A6E5FFA0065DB16 /* MainTableViewCell.m in Sources */ = {isa = PBXBuildFile; fileRef = 1BB180881A6E5FFA0065DB16 /* MainTableViewCell.m */; };
/* End PBXBuildFile section */

/* Begin PBXContainerItemProxy section */
		1B5BF5171A6CFE6D00B9C289 /* PBXContainerItemProxy */ = {
			isa = PBXContainerItemProxy;
			containerPortal = 1B5BF4F21A6CFE6D00B9C289 /* Project object */;
			proxyType = 1;
			remoteGlobalIDString = 1B5BF4F91A6CFE6D00B9C289;
			remoteInfo = testApp;
		};
/* End PBXContainerItemProxy section */

/* Begin PBXFileReference section */
		1B5BF4FA1A6CFE6D00B9C289 /* testApp.app */ = {isa = PBXFileReference; explicitFileType = wrapper.application; includeInIndex = 0; path = testApp.app; sourceTree = BUILT_PRODUCTS_DIR; };
		1B5BF4FE1A6CFE6D00B9C289 /* Info.plist */ = {isa = PBXFileReference; lastKnownFileType = text.plist.xml; path = Info.plist; sourceTree = "<group>"; };
		1B5BF4FF1A6CFE6D00B9C289 /* main.m */ = {isa = PBXFileReference; lastKnownFileType = sourcecode.c.objc; path = main.m; sourceTree = "<group>"; };
		1B5BF5011A6CFE6D00B9C289 /* AppDelegate.h */ = {isa = PBXFileReference; lastKnownFileType = sourcecode.c.h; path = AppDelegate.h; sourceTree = "<group>"; };
		1B5BF5021A6CFE6D00B9C289 /* AppDelegate.m */ = {isa = PBXFileReference; lastKnownFileType = sourcecode.c.objc; path = AppDelegate.m; sourceTree = "<group>"; };
		1B5BF5051A6CFE6D00B9C289 /* testApp.xcdatamodel */ = {isa = PBXFileReference; lastKnownFileType = wrapper.xcdatamodel; path = testApp.xcdatamodel; sourceTree = "<group>"; };
		1B5BF5071A6CFE6D00B9C289 /* ViewController.h */ = {isa = PBXFileReference; lastKnownFileType = sourcecode.c.h; path = ViewController.h; sourceTree = "<group>"; };
		1B5BF5081A6CFE6D00B9C289 /* ViewController.m */ = {isa = PBXFileReference; lastKnownFileType = sourcecode.c.objc; path = ViewController.m; sourceTree = "<group>"; };
		1B5BF50B1A6CFE6D00B9C289 /* Base */ = {isa = PBXFileReference; lastKnownFileType = file.storyboard; name = Base; path = Base.lproj/Main.storyboard; sourceTree = "<group>"; };
		1B5BF50D1A6CFE6D00B9C289 /* Images.xcassets */ = {isa = PBXFileReference; lastKnownFileType = folder.assetcatalog; path = Images.xcassets; sourceTree = "<group>"; };
		1B5BF5101A6CFE6D00B9C289 /* Base */ = {isa = PBXFileReference; lastKnownFileType = file.xib; name = Base; path = Base.lproj/LaunchScreen.xib; sourceTree = "<group>"; };
		1B5BF5161A6CFE6D00B9C289 /* testAppTests.xctest */ = {isa = PBXFileReference; explicitFileType = wrapper.cfbundle; includeInIndex = 0; path = testAppTests.xctest; sourceTree = BUILT_PRODUCTS_DIR; };
		1B5BF51B1A6CFE6D00B9C289 /* Info.plist */ = {isa = PBXFileReference; lastKnownFileType = text.plist.xml; path = Info.plist; sourceTree = "<group>"; };
		1B5BF51C1A6CFE6D00B9C289 /* testAppTests.m */ = {isa = PBXFileReference; lastKnownFileType = sourcecode.c.objc; path = testAppTests.m; sourceTree = "<group>"; };
		1B5BF5261A6D13F600B9C289 /* CoreGraphics.framework */ = {isa = PBXFileReference; lastKnownFileType = wrapper.framework; name = CoreGraphics.framework; path = System/Library/Frameworks/CoreGraphics.framework; sourceTree = SDKROOT; };
		1B5BF5281A6D13FF00B9C289 /* UIKit.framework */ = {isa = PBXFileReference; lastKnownFileType = wrapper.framework; name = UIKit.framework; path = System/Library/Frameworks/UIKit.framework; sourceTree = SDKROOT; };
		1B5BF52A1A6D140600B9C289 /* Foundation.framework */ = {isa = PBXFileReference; lastKnownFileType = wrapper.framework; name = Foundation.framework; path = System/Library/Frameworks/Foundation.framework; sourceTree = SDKROOT; };
		1B5BF52C1A6D141300B9C289 /* CoreLocation.framework */ = {isa = PBXFileReference; lastKnownFileType = wrapper.framework; name = CoreLocation.framework; path = System/Library/Frameworks/CoreLocation.framework; sourceTree = SDKROOT; };
		1B5BF52E1A6D1F3000B9C289 /* ServerManager.h */ = {isa = PBXFileReference; fileEncoding = 4; lastKnownFileType = sourcecode.c.h; path = ServerManager.h; sourceTree = "<group>"; };
		1B5BF52F1A6D1F3000B9C289 /* ServerManager.m */ = {isa = PBXFileReference; fileEncoding = 4; lastKnownFileType = sourcecode.c.objc; path = ServerManager.m; sourceTree = "<group>"; };
		1B5BF62E1A6D37D500B9C289 /* AFNetworkActivityIndicatorManager.h */ = {isa = PBXFileReference; fileEncoding = 4; lastKnownFileType = sourcecode.c.h; path = AFNetworkActivityIndicatorManager.h; sourceTree = "<group>"; };
		1B5BF62F1A6D37D500B9C289 /* AFNetworkActivityIndicatorManager.m */ = {isa = PBXFileReference; fileEncoding = 4; lastKnownFileType = sourcecode.c.objc; path = AFNetworkActivityIndicatorManager.m; sourceTree = "<group>"; };
		1B5BF6301A6D37D500B9C289 /* UIActivityIndicatorView+AFNetworking.h */ = {isa = PBXFileReference; fileEncoding = 4; lastKnownFileType = sourcecode.c.h; path = "UIActivityIndicatorView+AFNetworking.h"; sourceTree = "<group>"; };
		1B5BF6311A6D37D500B9C289 /* UIActivityIndicatorView+AFNetworking.m */ = {isa = PBXFileReference; fileEncoding = 4; lastKnownFileType = sourcecode.c.objc; path = "UIActivityIndicatorView+AFNetworking.m"; sourceTree = "<group>"; };
		1B5BF6321A6D37D500B9C289 /* UIAlertView+AFNetworking.h */ = {isa = PBXFileReference; fileEncoding = 4; lastKnownFileType = sourcecode.c.h; path = "UIAlertView+AFNetworking.h"; sourceTree = "<group>"; };
		1B5BF6331A6D37D500B9C289 /* UIAlertView+AFNetworking.m */ = {isa = PBXFileReference; fileEncoding = 4; lastKnownFileType = sourcecode.c.objc; path = "UIAlertView+AFNetworking.m"; sourceTree = "<group>"; };
		1B5BF6341A6D37D500B9C289 /* UIButton+AFNetworking.h */ = {isa = PBXFileReference; fileEncoding = 4; lastKnownFileType = sourcecode.c.h; path = "UIButton+AFNetworking.h"; sourceTree = "<group>"; };
		1B5BF6351A6D37D500B9C289 /* UIButton+AFNetworking.m */ = {isa = PBXFileReference; fileEncoding = 4; lastKnownFileType = sourcecode.c.objc; path = "UIButton+AFNetworking.m"; sourceTree = "<group>"; };
		1B5BF6361A6D37D500B9C289 /* UIImageView+AFNetworking.h */ = {isa = PBXFileReference; fileEncoding = 4; lastKnownFileType = sourcecode.c.h; path = "UIImageView+AFNetworking.h"; sourceTree = "<group>"; };
		1B5BF6371A6D37D500B9C289 /* UIImageView+AFNetworking.m */ = {isa = PBXFileReference; fileEncoding = 4; lastKnownFileType = sourcecode.c.objc; path = "UIImageView+AFNetworking.m"; sourceTree = "<group>"; };
		1B5BF6381A6D37D500B9C289 /* UIKit+AFNetworking.h */ = {isa = PBXFileReference; fileEncoding = 4; lastKnownFileType = sourcecode.c.h; path = "UIKit+AFNetworking.h"; sourceTree = "<group>"; };
		1B5BF6391A6D37D500B9C289 /* UIProgressView+AFNetworking.h */ = {isa = PBXFileReference; fileEncoding = 4; lastKnownFileType = sourcecode.c.h; path = "UIProgressView+AFNetworking.h"; sourceTree = "<group>"; };
		1B5BF63A1A6D37D500B9C289 /* UIProgressView+AFNetworking.m */ = {isa = PBXFileReference; fileEncoding = 4; lastKnownFileType = sourcecode.c.objc; path = "UIProgressView+AFNetworking.m"; sourceTree = "<group>"; };
		1B5BF63B1A6D37D500B9C289 /* UIRefreshControl+AFNetworking.h */ = {isa = PBXFileReference; fileEncoding = 4; lastKnownFileType = sourcecode.c.h; path = "UIRefreshControl+AFNetworking.h"; sourceTree = "<group>"; };
		1B5BF63C1A6D37D500B9C289 /* UIRefreshControl+AFNetworking.m */ = {isa = PBXFileReference; fileEncoding = 4; lastKnownFileType = sourcecode.c.objc; path = "UIRefreshControl+AFNetworking.m"; sourceTree = "<group>"; };
		1B5BF63D1A6D37D500B9C289 /* UIWebView+AFNetworking.h */ = {isa = PBXFileReference; fileEncoding = 4; lastKnownFileType = sourcecode.c.h; path = "UIWebView+AFNetworking.h"; sourceTree = "<group>"; };
		1B5BF63E1A6D37D500B9C289 /* UIWebView+AFNetworking.m */ = {isa = PBXFileReference; fileEncoding = 4; lastKnownFileType = sourcecode.c.objc; path = "UIWebView+AFNetworking.m"; sourceTree = "<group>"; };
		1B5BF6401A6D37D500B9C289 /* AFHTTPRequestOperation.h */ = {isa = PBXFileReference; fileEncoding = 4; lastKnownFileType = sourcecode.c.h; path = AFHTTPRequestOperation.h; sourceTree = "<group>"; };
		1B5BF6411A6D37D500B9C289 /* AFHTTPRequestOperation.m */ = {isa = PBXFileReference; fileEncoding = 4; lastKnownFileType = sourcecode.c.objc; path = AFHTTPRequestOperation.m; sourceTree = "<group>"; };
		1B5BF6421A6D37D500B9C289 /* AFHTTPRequestOperationManager.h */ = {isa = PBXFileReference; fileEncoding = 4; lastKnownFileType = sourcecode.c.h; path = AFHTTPRequestOperationManager.h; sourceTree = "<group>"; };
		1B5BF6431A6D37D500B9C289 /* AFHTTPRequestOperationManager.m */ = {isa = PBXFileReference; fileEncoding = 4; lastKnownFileType = sourcecode.c.objc; path = AFHTTPRequestOperationManager.m; sourceTree = "<group>"; };
		1B5BF6441A6D37D500B9C289 /* AFHTTPSessionManager.h */ = {isa = PBXFileReference; fileEncoding = 4; lastKnownFileType = sourcecode.c.h; path = AFHTTPSessionManager.h; sourceTree = "<group>"; };
		1B5BF6451A6D37D500B9C289 /* AFHTTPSessionManager.m */ = {isa = PBXFileReference; fileEncoding = 4; lastKnownFileType = sourcecode.c.objc; path = AFHTTPSessionManager.m; sourceTree = "<group>"; };
		1B5BF6461A6D37D500B9C289 /* AFNetworking.h */ = {isa = PBXFileReference; fileEncoding = 4; lastKnownFileType = sourcecode.c.h; path = AFNetworking.h; sourceTree = "<group>"; };
		1B5BF6471A6D37D500B9C289 /* AFNetworkReachabilityManager.h */ = {isa = PBXFileReference; fileEncoding = 4; lastKnownFileType = sourcecode.c.h; path = AFNetworkReachabilityManager.h; sourceTree = "<group>"; };
		1B5BF6481A6D37D500B9C289 /* AFNetworkReachabilityManager.m */ = {isa = PBXFileReference; fileEncoding = 4; lastKnownFileType = sourcecode.c.objc; path = AFNetworkReachabilityManager.m; sourceTree = "<group>"; };
		1B5BF6491A6D37D500B9C289 /* AFSecurityPolicy.h */ = {isa = PBXFileReference; fileEncoding = 4; lastKnownFileType = sourcecode.c.h; path = AFSecurityPolicy.h; sourceTree = "<group>"; };
		1B5BF64A1A6D37D500B9C289 /* AFSecurityPolicy.m */ = {isa = PBXFileReference; fileEncoding = 4; lastKnownFileType = sourcecode.c.objc; path = AFSecurityPolicy.m; sourceTree = "<group>"; };
		1B5BF64B1A6D37D500B9C289 /* AFURLConnectionOperation.h */ = {isa = PBXFileReference; fileEncoding = 4; lastKnownFileType = sourcecode.c.h; path = AFURLConnectionOperation.h; sourceTree = "<group>"; };
		1B5BF64C1A6D37D500B9C289 /* AFURLConnectionOperation.m */ = {isa = PBXFileReference; fileEncoding = 4; lastKnownFileType = sourcecode.c.objc; path = AFURLConnectionOperation.m; sourceTree = "<group>"; };
		1B5BF64D1A6D37D500B9C289 /* AFURLRequestSerialization.h */ = {isa = PBXFileReference; fileEncoding = 4; lastKnownFileType = sourcecode.c.h; path = AFURLRequestSerialization.h; sourceTree = "<group>"; };
		1B5BF64E1A6D37D500B9C289 /* AFURLRequestSerialization.m */ = {isa = PBXFileReference; fileEncoding = 4; lastKnownFileType = sourcecode.c.objc; path = AFURLRequestSerialization.m; sourceTree = "<group>"; };
		1B5BF64F1A6D37D500B9C289 /* AFURLResponseSerialization.h */ = {isa = PBXFileReference; fileEncoding = 4; lastKnownFileType = sourcecode.c.h; path = AFURLResponseSerialization.h; sourceTree = "<group>"; };
		1B5BF6501A6D37D500B9C289 /* AFURLResponseSerialization.m */ = {isa = PBXFileReference; fileEncoding = 4; lastKnownFileType = sourcecode.c.objc; path = AFURLResponseSerialization.m; sourceTree = "<group>"; };
		1B5BF6511A6D37D500B9C289 /* AFURLSessionManager.h */ = {isa = PBXFileReference; fileEncoding = 4; lastKnownFileType = sourcecode.c.h; path = AFURLSessionManager.h; sourceTree = "<group>"; };
		1B5BF6521A6D37D500B9C289 /* AFURLSessionManager.m */ = {isa = PBXFileReference; fileEncoding = 4; lastKnownFileType = sourcecode.c.objc; path = AFURLSessionManager.m; sourceTree = "<group>"; };
		1B5BF6761A6D5A7A00B9C289 /* OtherInfo.h */ = {isa = PBXFileReference; fileEncoding = 4; lastKnownFileType = sourcecode.c.h; name = OtherInfo.h; path = ../OtherInfo.h; sourceTree = "<group>"; };
		1B5BF6771A6D5A7A00B9C289 /* OtherInfo.m */ = {isa = PBXFileReference; fileEncoding = 4; lastKnownFileType = sourcecode.c.objc; name = OtherInfo.m; path = ../OtherInfo.m; sourceTree = "<group>"; };
		1B5BF6791A6D5A7B00B9C289 /* Weather.h */ = {isa = PBXFileReference; fileEncoding = 4; lastKnownFileType = sourcecode.c.h; name = Weather.h; path = ../Weather.h; sourceTree = "<group>"; };
		1B5BF67A1A6D5A7B00B9C289 /* Weather.m */ = {isa = PBXFileReference; fileEncoding = 4; lastKnownFileType = sourcecode.c.objc; name = Weather.m; path = ../Weather.m; sourceTree = "<group>"; };
		1BB180831A6E50200065DB16 /* LocationManager.h */ = {isa = PBXFileReference; fileEncoding = 4; lastKnownFileType = sourcecode.c.h; path = LocationManager.h; sourceTree = "<group>"; };
		1BB180841A6E50200065DB16 /* LocationManager.m */ = {isa = PBXFileReference; fileEncoding = 4; lastKnownFileType = sourcecode.c.objc; path = LocationManager.m; sourceTree = "<group>"; };
		1BB180871A6E5FFA0065DB16 /* MainTableViewCell.h */ = {isa = PBXFileReference; fileEncoding = 4; lastKnownFileType = sourcecode.c.h; path = MainTableViewCell.h; sourceTree = "<group>"; };
		1BB180881A6E5FFA0065DB16 /* MainTableViewCell.m */ = {isa = PBXFileReference; fileEncoding = 4; lastKnownFileType = sourcecode.c.objc; path = MainTableViewCell.m; sourceTree = "<group>"; };
/* End PBXFileReference section */

/* Begin PBXFrameworksBuildPhase section */
		1B5BF4F71A6CFE6D00B9C289 /* Frameworks */ = {
			isa = PBXFrameworksBuildPhase;
			buildActionMask = 2147483647;
			files = (
				1B5BF52D1A6D141300B9C289 /* CoreLocation.framework in Frameworks */,
				1B5BF52B1A6D140600B9C289 /* Foundation.framework in Frameworks */,
				1B5BF5291A6D13FF00B9C289 /* UIKit.framework in Frameworks */,
				1B5BF5271A6D13F600B9C289 /* CoreGraphics.framework in Frameworks */,
			);
			runOnlyForDeploymentPostprocessing = 0;
		};
		1B5BF5131A6CFE6D00B9C289 /* Frameworks */ = {
			isa = PBXFrameworksBuildPhase;
			buildActionMask = 2147483647;
			files = (
			);
			runOnlyForDeploymentPostprocessing = 0;
		};
/* End PBXFrameworksBuildPhase section */

/* Begin PBXGroup section */
		1B5BF4F11A6CFE6D00B9C289 = {
			isa = PBXGroup;
			children = (
				1B5BF52C1A6D141300B9C289 /* CoreLocation.framework */,
				1B5BF52A1A6D140600B9C289 /* Foundation.framework */,
				1B5BF5281A6D13FF00B9C289 /* UIKit.framework */,
				1B5BF5261A6D13F600B9C289 /* CoreGraphics.framework */,
				1B5BF4FC1A6CFE6D00B9C289 /* testApp */,
				1B5BF5191A6CFE6D00B9C289 /* testAppTests */,
				1B5BF4FB1A6CFE6D00B9C289 /* Products */,
			);
			sourceTree = "<group>";
		};
		1B5BF4FB1A6CFE6D00B9C289 /* Products */ = {
			isa = PBXGroup;
			children = (
				1B5BF4FA1A6CFE6D00B9C289 /* testApp.app */,
				1B5BF5161A6CFE6D00B9C289 /* testAppTests.xctest */,
			);
			name = Products;
			sourceTree = "<group>";
		};
		1B5BF4FC1A6CFE6D00B9C289 /* testApp */ = {
			isa = PBXGroup;
			children = (
				1BB1808A1A6E60D80065DB16 /* Custom Cell */,
				1B5BF67C1A6D5A8200B9C289 /* Models */,
				1B5BF5011A6CFE6D00B9C289 /* AppDelegate.h */,
				1B5BF5021A6CFE6D00B9C289 /* AppDelegate.m */,
				1B5BF5071A6CFE6D00B9C289 /* ViewController.h */,
				1B5BF5081A6CFE6D00B9C289 /* ViewController.m */,
				1BB180861A6E55A70065DB16 /* LoactionManager */,
				1B5BF67D1A6D5A8E00B9C289 /* ServerManager */,
				1B5BF50A1A6CFE6D00B9C289 /* Main.storyboard */,
				1B5BF50F1A6CFE6D00B9C289 /* LaunchScreen.xib */,
				1B5BF5041A6CFE6D00B9C289 /* testApp.xcdatamodeld */,
				1B5BF50D1A6CFE6D00B9C289 /* Images.xcassets */,
				1B5BF62D1A6D37D500B9C289 /* UIKit+AFNetworking */,
				1B5BF63F1A6D37D500B9C289 /* AFNetworking */,
				1B5BF4FD1A6CFE6D00B9C289 /* Supporting Files */,
			);
			path = testApp;
			sourceTree = "<group>";
		};
		1B5BF4FD1A6CFE6D00B9C289 /* Supporting Files */ = {
			isa = PBXGroup;
			children = (
				1B5BF4FE1A6CFE6D00B9C289 /* Info.plist */,
				1B5BF4FF1A6CFE6D00B9C289 /* main.m */,
			);
			name = "Supporting Files";
			sourceTree = "<group>";
		};
		1B5BF5191A6CFE6D00B9C289 /* testAppTests */ = {
			isa = PBXGroup;
			children = (
				1B5BF51C1A6CFE6D00B9C289 /* testAppTests.m */,
				1B5BF51A1A6CFE6D00B9C289 /* Supporting Files */,
			);
			path = testAppTests;
			sourceTree = "<group>";
		};
		1B5BF51A1A6CFE6D00B9C289 /* Supporting Files */ = {
			isa = PBXGroup;
			children = (
				1B5BF51B1A6CFE6D00B9C289 /* Info.plist */,
			);
			name = "Supporting Files";
			sourceTree = "<group>";
		};
		1B5BF62D1A6D37D500B9C289 /* UIKit+AFNetworking */ = {
			isa = PBXGroup;
			children = (
				1B5BF62E1A6D37D500B9C289 /* AFNetworkActivityIndicatorManager.h */,
				1B5BF62F1A6D37D500B9C289 /* AFNetworkActivityIndicatorManager.m */,
				1B5BF6301A6D37D500B9C289 /* UIActivityIndicatorView+AFNetworking.h */,
				1B5BF6311A6D37D500B9C289 /* UIActivityIndicatorView+AFNetworking.m */,
				1B5BF6321A6D37D500B9C289 /* UIAlertView+AFNetworking.h */,
				1B5BF6331A6D37D500B9C289 /* UIAlertView+AFNetworking.m */,
				1B5BF6341A6D37D500B9C289 /* UIButton+AFNetworking.h */,
				1B5BF6351A6D37D500B9C289 /* UIButton+AFNetworking.m */,
				1B5BF6361A6D37D500B9C289 /* UIImageView+AFNetworking.h */,
				1B5BF6371A6D37D500B9C289 /* UIImageView+AFNetworking.m */,
				1B5BF6381A6D37D500B9C289 /* UIKit+AFNetworking.h */,
				1B5BF6391A6D37D500B9C289 /* UIProgressView+AFNetworking.h */,
				1B5BF63A1A6D37D500B9C289 /* UIProgressView+AFNetworking.m */,
				1B5BF63B1A6D37D500B9C289 /* UIRefreshControl+AFNetworking.h */,
				1B5BF63C1A6D37D500B9C289 /* UIRefreshControl+AFNetworking.m */,
				1B5BF63D1A6D37D500B9C289 /* UIWebView+AFNetworking.h */,
				1B5BF63E1A6D37D500B9C289 /* UIWebView+AFNetworking.m */,
			);
			path = "UIKit+AFNetworking";
			sourceTree = "<group>";
		};
		1B5BF63F1A6D37D500B9C289 /* AFNetworking */ = {
			isa = PBXGroup;
			children = (
				1B5BF6401A6D37D500B9C289 /* AFHTTPRequestOperation.h */,
				1B5BF6411A6D37D500B9C289 /* AFHTTPRequestOperation.m */,
				1B5BF6421A6D37D500B9C289 /* AFHTTPRequestOperationManager.h */,
				1B5BF6431A6D37D500B9C289 /* AFHTTPRequestOperationManager.m */,
				1B5BF6441A6D37D500B9C289 /* AFHTTPSessionManager.h */,
				1B5BF6451A6D37D500B9C289 /* AFHTTPSessionManager.m */,
				1B5BF6461A6D37D500B9C289 /* AFNetworking.h */,
				1B5BF6471A6D37D500B9C289 /* AFNetworkReachabilityManager.h */,
				1B5BF6481A6D37D500B9C289 /* AFNetworkReachabilityManager.m */,
				1B5BF6491A6D37D500B9C289 /* AFSecurityPolicy.h */,
				1B5BF64A1A6D37D500B9C289 /* AFSecurityPolicy.m */,
				1B5BF64B1A6D37D500B9C289 /* AFURLConnectionOperation.h */,
				1B5BF64C1A6D37D500B9C289 /* AFURLConnectionOperation.m */,
				1B5BF64D1A6D37D500B9C289 /* AFURLRequestSerialization.h */,
				1B5BF64E1A6D37D500B9C289 /* AFURLRequestSerialization.m */,
				1B5BF64F1A6D37D500B9C289 /* AFURLResponseSerialization.h */,
				1B5BF6501A6D37D500B9C289 /* AFURLResponseSerialization.m */,
				1B5BF6511A6D37D500B9C289 /* AFURLSessionManager.h */,
				1B5BF6521A6D37D500B9C289 /* AFURLSessionManager.m */,
			);
			path = AFNetworking;
			sourceTree = "<group>";
		};
		1B5BF67C1A6D5A8200B9C289 /* Models */ = {
			isa = PBXGroup;
			children = (
				1B5BF6791A6D5A7B00B9C289 /* Weather.h */,
				1B5BF67A1A6D5A7B00B9C289 /* Weather.m */,
				1B5BF6761A6D5A7A00B9C289 /* OtherInfo.h */,
				1B5BF6771A6D5A7A00B9C289 /* OtherInfo.m */,
			);
			name = Models;
			sourceTree = "<group>";
		};
		1B5BF67D1A6D5A8E00B9C289 /* ServerManager */ = {
			isa = PBXGroup;
			children = (
				1B5BF52E1A6D1F3000B9C289 /* ServerManager.h */,
				1B5BF52F1A6D1F3000B9C289 /* ServerManager.m */,
			);
			name = ServerManager;
			sourceTree = "<group>";
		};
		1BB180861A6E55A70065DB16 /* LoactionManager */ = {
			isa = PBXGroup;
			children = (
				1BB180831A6E50200065DB16 /* LocationManager.h */,
				1BB180841A6E50200065DB16 /* LocationManager.m */,
			);
			name = LoactionManager;
			sourceTree = "<group>";
		};
		1BB1808A1A6E60D80065DB16 /* Custom Cell */ = {
			isa = PBXGroup;
			children = (
				1BB180871A6E5FFA0065DB16 /* MainTableViewCell.h */,
				1BB180881A6E5FFA0065DB16 /* MainTableViewCell.m */,
			);
			name = "Custom Cell";
			sourceTree = "<group>";
		};
/* End PBXGroup section */

/* Begin PBXNativeTarget section */
		1B5BF4F91A6CFE6D00B9C289 /* testApp */ = {
			isa = PBXNativeTarget;
			buildConfigurationList = 1B5BF5201A6CFE6D00B9C289 /* Build configuration list for PBXNativeTarget "testApp" */;
			buildPhases = (
				1B5BF4F61A6CFE6D00B9C289 /* Sources */,
				1B5BF4F71A6CFE6D00B9C289 /* Frameworks */,
				1B5BF4F81A6CFE6D00B9C289 /* Resources */,
			);
			buildRules = (
			);
			dependencies = (
			);
			name = testApp;
			productName = testApp;
			productReference = 1B5BF4FA1A6CFE6D00B9C289 /* testApp.app */;
			productType = "com.apple.product-type.application";
		};
		1B5BF5151A6CFE6D00B9C289 /* testAppTests */ = {
			isa = PBXNativeTarget;
			buildConfigurationList = 1B5BF5231A6CFE6D00B9C289 /* Build configuration list for PBXNativeTarget "testAppTests" */;
			buildPhases = (
				1B5BF5121A6CFE6D00B9C289 /* Sources */,
				1B5BF5131A6CFE6D00B9C289 /* Frameworks */,
				1B5BF5141A6CFE6D00B9C289 /* Resources */,
			);
			buildRules = (
			);
			dependencies = (
				1B5BF5181A6CFE6D00B9C289 /* PBXTargetDependency */,
			);
			name = testAppTests;
			productName = testAppTests;
			productReference = 1B5BF5161A6CFE6D00B9C289 /* testAppTests.xctest */;
			productType = "com.apple.product-type.bundle.unit-test";
		};
/* End PBXNativeTarget section */

/* Begin PBXProject section */
		1B5BF4F21A6CFE6D00B9C289 /* Project object */ = {
			isa = PBXProject;
			attributes = {
				LastUpgradeCheck = 0610;
				ORGANIZATIONNAME = zagorskyy.com;
				TargetAttributes = {
					1B5BF4F91A6CFE6D00B9C289 = {
						CreatedOnToolsVersion = 6.1.1;
					};
					1B5BF5151A6CFE6D00B9C289 = {
						CreatedOnToolsVersion = 6.1.1;
						TestTargetID = 1B5BF4F91A6CFE6D00B9C289;
					};
				};
			};
			buildConfigurationList = 1B5BF4F51A6CFE6D00B9C289 /* Build configuration list for PBXProject "testApp" */;
			compatibilityVersion = "Xcode 3.2";
			developmentRegion = English;
			hasScannedForEncodings = 0;
			knownRegions = (
				en,
				Base,
			);
			mainGroup = 1B5BF4F11A6CFE6D00B9C289;
			productRefGroup = 1B5BF4FB1A6CFE6D00B9C289 /* Products */;
			projectDirPath = "";
			projectRoot = "";
			targets = (
				1B5BF4F91A6CFE6D00B9C289 /* testApp */,
				1B5BF5151A6CFE6D00B9C289 /* testAppTests */,
			);
		};
/* End PBXProject section */

/* Begin PBXResourcesBuildPhase section */
		1B5BF4F81A6CFE6D00B9C289 /* Resources */ = {
			isa = PBXResourcesBuildPhase;
			buildActionMask = 2147483647;
			files = (
				1B5BF50C1A6CFE6D00B9C289 /* Main.storyboard in Resources */,
				1B5BF5111A6CFE6D00B9C289 /* LaunchScreen.xib in Resources */,
				1B5BF50E1A6CFE6D00B9C289 /* Images.xcassets in Resources */,
			);
			runOnlyForDeploymentPostprocessing = 0;
		};
		1B5BF5141A6CFE6D00B9C289 /* Resources */ = {
			isa = PBXResourcesBuildPhase;
			buildActionMask = 2147483647;
			files = (
			);
			runOnlyForDeploymentPostprocessing = 0;
		};
/* End PBXResourcesBuildPhase section */

/* Begin PBXSourcesBuildPhase section */
		1B5BF4F61A6CFE6D00B9C289 /* Sources */ = {
			isa = PBXSourcesBuildPhase;
			buildActionMask = 2147483647;
			files = (
				1B5BF5301A6D1F3000B9C289 /* ServerManager.m in Sources */,
				1B5BF6781A6D5A7A00B9C289 /* OtherInfo.m in Sources */,
				1B5BF5031A6CFE6D00B9C289 /* AppDelegate.m in Sources */,
				1B5BF6551A6D37D500B9C289 /* UIAlertView+AFNetworking.m in Sources */,
				1B5BF6621A6D37D500B9C289 /* AFURLResponseSerialization.m in Sources */,
				1B5BF6601A6D37D500B9C289 /* AFURLConnectionOperation.m in Sources */,
				1BB180891A6E5FFA0065DB16 /* MainTableViewCell.m in Sources */,
				1B5BF6581A6D37D500B9C289 /* UIProgressView+AFNetworking.m in Sources */,
				1B5BF5061A6CFE6D00B9C289 /* testApp.xcdatamodeld in Sources */,
				1B5BF65C1A6D37D500B9C289 /* AFHTTPRequestOperationManager.m in Sources */,
				1B5BF5091A6CFE6D00B9C289 /* ViewController.m in Sources */,
				1B5BF65F1A6D37D500B9C289 /* AFSecurityPolicy.m in Sources */,
				1B5BF6591A6D37D500B9C289 /* UIRefreshControl+AFNetworking.m in Sources */,
				1B5BF67B1A6D5A7B00B9C289 /* Weather.m in Sources */,
				1B5BF6561A6D37D500B9C289 /* UIButton+AFNetworking.m in Sources */,
				1B5BF6611A6D37D500B9C289 /* AFURLRequestSerialization.m in Sources */,
				1B5BF65E1A6D37D500B9C289 /* AFNetworkReachabilityManager.m in Sources */,
				1B5BF6531A6D37D500B9C289 /* AFNetworkActivityIndicatorManager.m in Sources */,
				1B5BF65A1A6D37D500B9C289 /* UIWebView+AFNetworking.m in Sources */,
				1B5BF6541A6D37D500B9C289 /* UIActivityIndicatorView+AFNetworking.m in Sources */,
				1B5BF65B1A6D37D500B9C289 /* AFHTTPRequestOperation.m in Sources */,
				1B5BF6571A6D37D500B9C289 /* UIImageView+AFNetworking.m in Sources */,
				1BB180851A6E50200065DB16 /* LocationManager.m in Sources */,
				1B5BF65D1A6D37D500B9C289 /* AFHTTPSessionManager.m in Sources */,
				1B5BF5001A6CFE6D00B9C289 /* main.m in Sources */,
				1B5BF6631A6D37D500B9C289 /* AFURLSessionManager.m in Sources */,
			);
			runOnlyForDeploymentPostprocessing = 0;
		};
		1B5BF5121A6CFE6D00B9C289 /* Sources */ = {
			isa = PBXSourcesBuildPhase;
			buildActionMask = 2147483647;
			files = (
				1B5BF51D1A6CFE6D00B9C289 /* testAppTests.m in Sources */,
			);
			runOnlyForDeploymentPostprocessing = 0;
		};
/* End PBXSourcesBuildPhase section */

/* Begin PBXTargetDependency section */
		1B5BF5181A6CFE6D00B9C289 /* PBXTargetDependency */ = {
			isa = PBXTargetDependency;
			target = 1B5BF4F91A6CFE6D00B9C289 /* testApp */;
			targetProxy = 1B5BF5171A6CFE6D00B9C289 /* PBXContainerItemProxy */;
		};
/* End PBXTargetDependency section */

/* Begin PBXVariantGroup section */
		1B5BF50A1A6CFE6D00B9C289 /* Main.storyboard */ = {
			isa = PBXVariantGroup;
			children = (
				1B5BF50B1A6CFE6D00B9C289 /* Base */,
			);
			name = Main.storyboard;
			sourceTree = "<group>";
		};
		1B5BF50F1A6CFE6D00B9C289 /* LaunchScreen.xib */ = {
			isa = PBXVariantGroup;
			children = (
				1B5BF5101A6CFE6D00B9C289 /* Base */,
			);
			name = LaunchScreen.xib;
			sourceTree = "<group>";
		};
/* End PBXVariantGroup section */

/* Begin XCBuildConfiguration section */
		1B5BF51E1A6CFE6D00B9C289 /* Debug */ = {
			isa = XCBuildConfiguration;
			buildSettings = {
				ALWAYS_SEARCH_USER_PATHS = NO;
				CLANG_CXX_LANGUAGE_STANDARD = "gnu++0x";
				CLANG_CXX_LIBRARY = "libc++";
				CLANG_ENABLE_MODULES = YES;
				CLANG_ENABLE_OBJC_ARC = YES;
				CLANG_WARN_BOOL_CONVERSION = YES;
				CLANG_WARN_CONSTANT_CONVERSION = YES;
				CLANG_WARN_DIRECT_OBJC_ISA_USAGE = YES_ERROR;
				CLANG_WARN_EMPTY_BODY = YES;
				CLANG_WARN_ENUM_CONVERSION = YES;
				CLANG_WARN_INT_CONVERSION = YES;
				CLANG_WARN_OBJC_ROOT_CLASS = YES_ERROR;
				CLANG_WARN_UNREACHABLE_CODE = YES;
				CLANG_WARN__DUPLICATE_METHOD_MATCH = YES;
				"CODE_SIGN_IDENTITY[sdk=iphoneos*]" = "iPhone Developer";
				COPY_PHASE_STRIP = NO;
				ENABLE_STRICT_OBJC_MSGSEND = YES;
				GCC_C_LANGUAGE_STANDARD = gnu99;
				GCC_DYNAMIC_NO_PIC = NO;
				GCC_OPTIMIZATION_LEVEL = 0;
				GCC_PREPROCESSOR_DEFINITIONS = (
					"DEBUG=1",
					"$(inherited)",
				);
				GCC_SYMBOLS_PRIVATE_EXTERN = NO;
				GCC_WARN_64_TO_32_BIT_CONVERSION = YES;
				GCC_WARN_ABOUT_RETURN_TYPE = YES_ERROR;
				GCC_WARN_UNDECLARED_SELECTOR = YES;
				GCC_WARN_UNINITIALIZED_AUTOS = YES_AGGRESSIVE;
				GCC_WARN_UNUSED_FUNCTION = YES;
				GCC_WARN_UNUSED_VARIABLE = YES;
				IPHONEOS_DEPLOYMENT_TARGET = 8.1;
				MTL_ENABLE_DEBUG_INFO = YES;
				ONLY_ACTIVE_ARCH = YES;
				SDKROOT = iphoneos;
				TARGETED_DEVICE_FAMILY = "1,2";
			};
			name = Debug;
		};
		1B5BF51F1A6CFE6D00B9C289 /* Release */ = {
			isa = XCBuildConfiguration;
			buildSettings = {
				ALWAYS_SEARCH_USER_PATHS = NO;
				CLANG_CXX_LANGUAGE_STANDARD = "gnu++0x";
				CLANG_CXX_LIBRARY = "libc++";
				CLANG_ENABLE_MODULES = YES;
				CLANG_ENABLE_OBJC_ARC = YES;
				CLANG_WARN_BOOL_CONVERSION = YES;
				CLANG_WARN_CONSTANT_CONVERSION = YES;
				CLANG_WARN_DIRECT_OBJC_ISA_USAGE = YES_ERROR;
				CLANG_WARN_EMPTY_BODY = YES;
				CLANG_WARN_ENUM_CONVERSION = YES;
				CLANG_WARN_INT_CONVERSION = YES;
				CLANG_WARN_OBJC_ROOT_CLASS = YES_ERROR;
				CLANG_WARN_UNREACHABLE_CODE = YES;
				CLANG_WARN__DUPLICATE_METHOD_MATCH = YES;
				"CODE_SIGN_IDENTITY[sdk=iphoneos*]" = "iPhone Developer";
				COPY_PHASE_STRIP = YES;
				ENABLE_NS_ASSERTIONS = NO;
				ENABLE_STRICT_OBJC_MSGSEND = YES;
				GCC_C_LANGUAGE_STANDARD = gnu99;
				GCC_WARN_64_TO_32_BIT_CONVERSION = YES;
				GCC_WARN_ABOUT_RETURN_TYPE = YES_ERROR;
				GCC_WARN_UNDECLARED_SELECTOR = YES;
				GCC_WARN_UNINITIALIZED_AUTOS = YES_AGGRESSIVE;
				GCC_WARN_UNUSED_FUNCTION = YES;
				GCC_WARN_UNUSED_VARIABLE = YES;
				IPHONEOS_DEPLOYMENT_TARGET = 8.1;
				MTL_ENABLE_DEBUG_INFO = NO;
				SDKROOT = iphoneos;
				TARGETED_DEVICE_FAMILY = "1,2";
				VALIDATE_PRODUCT = YES;
			};
			name = Release;
		};
		1B5BF5211A6CFE6D00B9C289 /* Debug */ = {
			isa = XCBuildConfiguration;
			buildSettings = {
				ASSETCATALOG_COMPILER_APPICON_NAME = AppIcon;
				CLANG_ENABLE_MODULES = YES;
				INFOPLIST_FILE = testApp/Info.plist;
				LD_RUNPATH_SEARCH_PATHS = "$(inherited) @executable_path/Frameworks";
				PRODUCT_NAME = "$(TARGET_NAME)";
				SWIFT_OBJC_BRIDGING_HEADER = "testApp/testApp-Bridging-Header.h";
				SWIFT_OPTIMIZATION_LEVEL = "-Onone";
			};
			name = Debug;
		};
		1B5BF5221A6CFE6D00B9C289 /* Release */ = {
			isa = XCBuildConfiguration;
			buildSettings = {
				ASSETCATALOG_COMPILER_APPICON_NAME = AppIcon;
				CLANG_ENABLE_MODULES = YES;
				INFOPLIST_FILE = testApp/Info.plist;
				LD_RUNPATH_SEARCH_PATHS = "$(inherited) @executable_path/Frameworks";
				PRODUCT_NAME = "$(TARGET_NAME)";
				SWIFT_OBJC_BRIDGING_HEADER = "testApp/testApp-Bridging-Header.h";
			};
			name = Release;
		};
		1B5BF5241A6CFE6D00B9C289 /* Debug */ = {
			isa = XCBuildConfiguration;
			buildSettings = {
				BUNDLE_LOADER = "$(TEST_HOST)";
				FRAMEWORK_SEARCH_PATHS = (
					"$(SDKROOT)/Developer/Library/Frameworks",
					"$(inherited)",
				);
				GCC_PREPROCESSOR_DEFINITIONS = (
					"DEBUG=1",
					"$(inherited)",
				);
				INFOPLIST_FILE = testAppTests/Info.plist;
				LD_RUNPATH_SEARCH_PATHS = "$(inherited) @executable_path/Frameworks @loader_path/Frameworks";
				PRODUCT_NAME = "$(TARGET_NAME)";
				TEST_HOST = "$(BUILT_PRODUCTS_DIR)/testApp.app/testApp";
			};
			name = Debug;
		};
		1B5BF5251A6CFE6D00B9C289 /* Release */ = {
			isa = XCBuildConfiguration;
			buildSettings = {
				BUNDLE_LOADER = "$(TEST_HOST)";
				FRAMEWORK_SEARCH_PATHS = (
					"$(SDKROOT)/Developer/Library/Frameworks",
					"$(inherited)",
				);
				INFOPLIST_FILE = testAppTests/Info.plist;
				LD_RUNPATH_SEARCH_PATHS = "$(inherited) @executable_path/Frameworks @loader_path/Frameworks";
				PRODUCT_NAME = "$(TARGET_NAME)";
				TEST_HOST = "$(BUILT_PRODUCTS_DIR)/testApp.app/testApp";
			};
			name = Release;
		};
/* End XCBuildConfiguration section */

/* Begin XCConfigurationList section */
		1B5BF4F51A6CFE6D00B9C289 /* Build configuration list for PBXProject "testApp" */ = {
			isa = XCConfigurationList;
			buildConfigurations = (
				1B5BF51E1A6CFE6D00B9C289 /* Debug */,
				1B5BF51F1A6CFE6D00B9C289 /* Release */,
			);
			defaultConfigurationIsVisible = 0;
			defaultConfigurationName = Release;
		};
		1B5BF5201A6CFE6D00B9C289 /* Build configuration list for PBXNativeTarget "testApp" */ = {
			isa = XCConfigurationList;
			buildConfigurations = (
				1B5BF5211A6CFE6D00B9C289 /* Debug */,
				1B5BF5221A6CFE6D00B9C289 /* Release */,
			);
			defaultConfigurationIsVisible = 0;
			defaultConfigurationName = Release;
		};
		1B5BF5231A6CFE6D00B9C289 /* Build configuration list for PBXNativeTarget "testAppTests" */ = {
			isa = XCConfigurationList;
			buildConfigurations = (
				1B5BF5241A6CFE6D00B9C289 /* Debug */,
				1B5BF5251A6CFE6D00B9C289 /* Release */,
			);
			defaultConfigurationIsVisible = 0;
			defaultConfigurationName = Release;
		};
/* End XCConfigurationList section */

/* Begin XCVersionGroup section */
		1B5BF5041A6CFE6D00B9C289 /* testApp.xcdatamodeld */ = {
			isa = XCVersionGroup;
			children = (
				1B5BF5051A6CFE6D00B9C289 /* testApp.xcdatamodel */,
			);
			currentVersion = 1B5BF5051A6CFE6D00B9C289 /* testApp.xcdatamodel */;
			path = testApp.xcdatamodeld;
			sourceTree = "<group>";
			versionGroupType = wrapper.xcdatamodel;
		};
/* End XCVersionGroup section */
	};
	rootObject = 1B5BF4F21A6CFE6D00B9C289 /* Project object */;
}
